# This file is automatically @generated by Cargo.
# It is not intended for manual editing.
version = 3

[[package]]
name = "anyhow"
version = "1.0.41"
source = "registry+https://github.com/rust-lang/crates.io-index"
checksum = "15af2628f6890fe2609a3b91bef4c83450512802e59489f9c1cb1fa5df064a61"

[[package]]
name = "autocfg"
version = "1.0.1"
source = "registry+https://github.com/rust-lang/crates.io-index"
checksum = "cdb031dd78e28731d87d56cc8ffef4a8f36ca26c38fe2de700543e627f8a464a"

[[package]]
name = "cfg-if"
version = "1.0.0"
source = "registry+https://github.com/rust-lang/crates.io-index"
checksum = "baf1de4339761588bc0619e3cbc0120ee582ebb74b53b4efbf79117bd2da40fd"

[[package]]
name = "cranelift"
version = "0.75.0"
source = "registry+https://github.com/rust-lang/crates.io-index"
checksum = "c742f06b48b7b725314a9603712bf2d4157b980a43254898c2a511626f2d54c9"
dependencies = [
 "cranelift-codegen",
 "cranelift-frontend",
]

[[package]]
name = "cranelift-bforest"
version = "0.75.0"
source = "registry+https://github.com/rust-lang/crates.io-index"
checksum = "df3f8dd4f920a422c96c53fb6a91cc7932b865fdb60066ae9df7c329342d303f"
dependencies = [
 "cranelift-entity",
]

[[package]]
name = "cranelift-codegen"
version = "0.75.0"
source = "registry+https://github.com/rust-lang/crates.io-index"
checksum = "ebe85f9a8dbf3c9dfa47ecb89828a7dc17c0b62015b84b5505fd4beba61c542c"
dependencies = [
 "cranelift-bforest",
 "cranelift-codegen-meta",
 "cranelift-codegen-shared",
 "cranelift-entity",
 "log",
 "regalloc",
 "smallvec",
 "target-lexicon",
]

[[package]]
name = "cranelift-codegen-meta"
version = "0.75.0"
source = "registry+https://github.com/rust-lang/crates.io-index"
checksum = "12bc4be68da214a56bf9beea4212eb3b9eac16ca9f0b47762f907c4cd4684073"
dependencies = [
 "cranelift-codegen-shared",
 "cranelift-entity",
]

[[package]]
name = "cranelift-codegen-shared"
version = "0.75.0"
source = "registry+https://github.com/rust-lang/crates.io-index"
checksum = "a0c87b69923825cfbc3efde17d929a68cd5b50a4016b2bd0eb8c3933cc5bd8cd"

[[package]]
name = "cranelift-entity"
version = "0.75.0"
source = "registry+https://github.com/rust-lang/crates.io-index"
checksum = "fe683e7ec6e627facf44b2eab4b263507be4e7ef7ea06eb8cee5283d9b45370e"

[[package]]
name = "cranelift-frontend"
version = "0.75.0"
source = "registry+https://github.com/rust-lang/crates.io-index"
checksum = "5da80025ca214f0118273f8b94c4790add3b776f0dc97afba6b711757497743b"
dependencies = [
 "cranelift-codegen",
 "log",
 "smallvec",
 "target-lexicon",
]

[[package]]
name = "cranelift-module"
version = "0.75.0"
source = "registry+https://github.com/rust-lang/crates.io-index"
checksum = "0d69b61b0eef8776d148a88523b9f0805d786a1b5d9dba0adcd52dbc033680ff"
dependencies = [
 "anyhow",
 "cranelift-codegen",
 "cranelift-entity",
 "log",
]

[[package]]
name = "cranelift-object"
version = "0.75.0"
source = "registry+https://github.com/rust-lang/crates.io-index"
checksum = "f5b59dedeaaeaa5baea1dd0fed3d596f67d39f3b8bf9469b197335035519d174"
dependencies = [
 "anyhow",
 "cranelift-codegen",
 "cranelift-module",
 "log",
 "object",
 "target-lexicon",
]

[[package]]
name = "crc32fast"
version = "1.2.1"
source = "registry+https://github.com/rust-lang/crates.io-index"
checksum = "81156fece84ab6a9f2afdb109ce3ae577e42b1228441eded99bd77f627953b1a"
dependencies = [
 "cfg-if",
]

[[package]]
name = "hashbrown"
version = "0.11.2"
source = "registry+https://github.com/rust-lang/crates.io-index"
checksum = "ab5ef0d4909ef3724cc8cce6ccc8572c5c817592e9285f5464f8e86f8bd3726e"

[[package]]
name = "indexmap"
version = "1.7.0"
source = "registry+https://github.com/rust-lang/crates.io-index"
checksum = "bc633605454125dec4b66843673f01c7df2b89479b32e0ed634e43a91cff62a5"
dependencies = [
 "autocfg",
 "hashbrown",
]

[[package]]
name = "log"
version = "0.4.14"
source = "registry+https://github.com/rust-lang/crates.io-index"
checksum = "51b9bbe6c47d51fc3e1a9b945965946b4c44142ab8792c50835a980d362c2710"
dependencies = [
 "cfg-if",
]

[[package]]
name = "low-level-lang"
version = "0.1.0"
dependencies = [
 "anyhow",
 "cranelift",
 "cranelift-module",
 "cranelift-object",
 "target-lexicon",
]

[[package]]
name = "memchr"
version = "2.4.0"
source = "registry+https://github.com/rust-lang/crates.io-index"
checksum = "b16bd47d9e329435e309c58469fe0791c2d0d1ba96ec0954152a5ae2b04387dc"

[[package]]
name = "object"
version = "0.25.3"
source = "registry+https://github.com/rust-lang/crates.io-index"
checksum = "a38f2be3697a57b4060074ff41b44c16870d916ad7877c17696e063257482bc7"
dependencies = [
 "crc32fast",
 "indexmap",
 "memchr",
]

[[package]]
name = "regalloc"
version = "0.0.31"
source = "registry+https://github.com/rust-lang/crates.io-index"
checksum = "571f7f397d61c4755285cd37853fe8e03271c243424a907415909379659381c5"
dependencies = [
 "log",
 "rustc-hash",
 "smallvec",
]

[[package]]
name = "rustc-hash"
version = "1.1.0"
source = "registry+https://github.com/rust-lang/crates.io-index"
checksum = "08d43f7aa6b08d49f382cde6a7982047c3426db949b1424bc4b7ec9ae12c6ce2"

[[package]]
name = "smallvec"
version = "1.6.1"
source = "registry+https://github.com/rust-lang/crates.io-index"
checksum = "fe0f37c9e8f3c5a4a66ad655a93c74daac4ad00c441533bf5c6e7990bb42604e"

[[package]]
name = "target-lexicon"
version = "0.12.0"
source = "registry+https://github.com/rust-lang/crates.io-index"
checksum = "64ae3b39281e4b14b8123bdbaddd472b7dfe215e444181f2f9d2443c2444f834"
